
Microsoft Visual Studio Solution File, Format Version 12.00
# Visual Studio Version 17
VisualStudioVersion = 17.0.32014.148
MinimumVisualStudioVersion = 10.0.40219.1
Project("{FAE04EC0-301F-11D3-BF4B-00C04F79EFBC}") = "GenericRepository", "GenericRepository\GenericRepository.csproj", "{403A8ED4-9709-4A52-BF80-B3FDF32553A6}"
EndProject
Project("{FAE04EC0-301F-11D3-BF4B-00C04F79EFBC}") = "GenericRepository.Tests", "GenericRepository.Tests\GenericRepository.Tests.csproj", "{B902B5C4-6720-4422-89F6-CAEB2D147824}"
EndProject
Global
	GlobalSection(SolutionConfigurationPlatforms) = preSolution
		Debug|Any CPU = Debug|Any CPU
		Release|Any CPU = Release|Any CPU
	EndGlobalSection
	GlobalSection(ProjectConfigurationPlatforms) = postSolution
		{403A8ED4-9709-4A52-BF80-B3FDF32553A6}.Debug|Any CPU.ActiveCfg = Debug|Any CPU
		{403A8ED4-9709-4A52-BF80-B3FDF32553A6}.Debug|Any CPU.Build.0 = Debug|Any CPU
		{403A8ED4-9709-4A52-BF80-B3FDF32553A6}.Release|Any CPU.ActiveCfg = Release|Any CPU
		{403A8ED4-9709-4A52-BF80-B3FDF32553A6}.Release|Any CPU.Build.0 = Release|Any CPU
		{B902B5C4-6720-4422-89F6-CAEB2D147824}.Debug|Any CPU.ActiveCfg = Debug|Any CPU
		{B902B5C4-6720-4422-89F6-CAEB2D147824}.Debug|Any CPU.Build.0 = Debug|Any CPU
		{B902B5C4-6720-4422-89F6-CAEB2D147824}.Release|Any CPU.ActiveCfg = Release|Any CPU
		{B902B5C4-6720-4422-89F6-CAEB2D147824}.Release|Any CPU.Build.0 = Release|Any CPU
	EndGlobalSection
	GlobalSection(SolutionProperties) = preSolution
		HideSolutionNode = FALSE
	EndGlobalSection
	GlobalSection(ExtensibilityGlobals) = postSolution
		SolutionGuid = {1C74D5B3-BC7C-44E3-B3BC-33B4F1254145}
	EndGlobalSection
EndGlobal
